
Microsoft Visual Studio Solution File, Format Version 12.00
# Visual Studio Version 17
VisualStudioVersion = 17.5.33627.172
MinimumVisualStudioVersion = 10.0.40219.1
Project("{FAE04EC0-301F-11D3-BF4B-00C04F79EFBC}") = "PipesServer", "PipesServer.csproj", "{E58226FB-DC30-4AB9-9221-6755AA3054FB}"
EndProject
Global
	GlobalSection(SolutionConfigurationPlatforms) = preSolution
		Debug|Any CPU = Debug|Any CPU
		Release|Any CPU = Release|Any CPU
	EndGlobalSection
	GlobalSection(ProjectConfigurationPlatforms) = postSolution
		{E58226FB-DC30-4AB9-9221-6755AA3054FB}.Debug|Any CPU.ActiveCfg = Debug|Any CPU
		{E58226FB-DC30-4AB9-9221-6755AA3054FB}.Debug|Any CPU.Build.0 = Debug|Any CPU
		{E58226FB-DC30-4AB9-9221-6755AA3054FB}.Release|Any CPU.ActiveCfg = Release|Any CPU
		{E58226FB-DC30-4AB9-9221-6755AA3054FB}.Release|Any CPU.Build.0 = Release|Any CPU
	EndGlobalSection
	GlobalSection(SolutionProperties) = preSolution
		HideSolutionNode = FALSE
	EndGlobalSection
	GlobalSection(ExtensibilityGlobals) = postSolution
		SolutionGuid = {98A4A904-743F-4AAE-A31E-26CED78D60B1}
	EndGlobalSection
EndGlobal
